
Microsoft Visual Studio Solution File, Format Version 12.00
# Visual Studio Version 16
VisualStudioVersion = 16.0.29102.190
MinimumVisualStudioVersion = 10.0.40219.1
Project("{FAE04EC0-301F-11D3-BF4B-00C04F79EFBC}") = "DirectorySystem", "DirectorySystem\DirectorySystem.csproj", "{10594805-8B2A-4514-A7E3-E0AAE7BDAA6B}"
EndProject
Project("{FAE04EC0-301F-11D3-BF4B-00C04F79EFBC}") = "DirectorySystem.Data", "DirectorySystem.Data\DirectorySystem.Data.csproj", "{3BBDF29F-7752-487E-A1E7-2144C9FE6D18}"
EndProject
Project("{FAE04EC0-301F-11D3-BF4B-00C04F79EFBC}") = "DirectorySystem.Business", "DirectorySystem.Business\DirectorySystem.Business.csproj", "{1C2F2A03-CBC6-44C9-84FB-32CB5D73F7FD}"
EndProject
Global
	GlobalSection(SolutionConfigurationPlatforms) = preSolution
		Debug|Any CPU = Debug|Any CPU
		Release|Any CPU = Release|Any CPU
	EndGlobalSection
	GlobalSection(ProjectConfigurationPlatforms) = postSolution
		{10594805-8B2A-4514-A7E3-E0AAE7BDAA6B}.Debug|Any CPU.ActiveCfg = Debug|Any CPU
		{10594805-8B2A-4514-A7E3-E0AAE7BDAA6B}.Debug|Any CPU.Build.0 = Debug|Any CPU
		{10594805-8B2A-4514-A7E3-E0AAE7BDAA6B}.Release|Any CPU.ActiveCfg = Release|Any CPU
		{10594805-8B2A-4514-A7E3-E0AAE7BDAA6B}.Release|Any CPU.Build.0 = Release|Any CPU
		{3BBDF29F-7752-487E-A1E7-2144C9FE6D18}.Debug|Any CPU.ActiveCfg = Debug|Any CPU
		{3BBDF29F-7752-487E-A1E7-2144C9FE6D18}.Debug|Any CPU.Build.0 = Debug|Any CPU
		{3BBDF29F-7752-487E-A1E7-2144C9FE6D18}.Release|Any CPU.ActiveCfg = Release|Any CPU
		{3BBDF29F-7752-487E-A1E7-2144C9FE6D18}.Release|Any CPU.Build.0 = Release|Any CPU
		{1C2F2A03-CBC6-44C9-84FB-32CB5D73F7FD}.Debug|Any CPU.ActiveCfg = Debug|Any CPU
		{1C2F2A03-CBC6-44C9-84FB-32CB5D73F7FD}.Debug|Any CPU.Build.0 = Debug|Any CPU
		{1C2F2A03-CBC6-44C9-84FB-32CB5D73F7FD}.Release|Any CPU.ActiveCfg = Release|Any CPU
		{1C2F2A03-CBC6-44C9-84FB-32CB5D73F7FD}.Release|Any CPU.Build.0 = Release|Any CPU
	EndGlobalSection
	GlobalSection(SolutionProperties) = preSolution
		HideSolutionNode = FALSE
	EndGlobalSection
	GlobalSection(ExtensibilityGlobals) = postSolution
		SolutionGuid = {9D17E1AF-C892-4614-99A7-15F6BAE31ECE}
	EndGlobalSection
EndGlobal
